
Microsoft Visual Studio Solution File, Format Version 12.00
# Visual Studio Version 16
VisualStudioVersion = 16.0.30204.135
MinimumVisualStudioVersion = 10.0.40219.1
Project("{FAE04EC0-301F-11D3-BF4B-00C04F79EFBC}") = "Clients", "Clients\Clients.csproj", "{2294C832-6315-4634-A1E7-8840BA840534}"
EndProject
Global
	GlobalSection(SolutionConfigurationPlatforms) = preSolution
		Debug|Any CPU = Debug|Any CPU
		Release|Any CPU = Release|Any CPU
	EndGlobalSection
	GlobalSection(ProjectConfigurationPlatforms) = postSolution
		{2294C832-6315-4634-A1E7-8840BA840534}.Debug|Any CPU.ActiveCfg = Debug|Any CPU
		{2294C832-6315-4634-A1E7-8840BA840534}.Debug|Any CPU.Build.0 = Debug|Any CPU
		{2294C832-6315-4634-A1E7-8840BA840534}.Release|Any CPU.ActiveCfg = Release|Any CPU
		{2294C832-6315-4634-A1E7-8840BA840534}.Release|Any CPU.Build.0 = Release|Any CPU
	EndGlobalSection
	GlobalSection(SolutionProperties) = preSolution
		HideSolutionNode = FALSE
	EndGlobalSection
	GlobalSection(ExtensibilityGlobals) = postSolution
		SolutionGuid = {D77AAB34-2E1D-4313-A1F5-454A498D9938}
	EndGlobalSection
EndGlobal
